{
  "R": {
    "Version": "4.3",
    "Repositories": [
      {
        "Name": "CRAN",
        "URL": "https://cloud.r-project.org"
      }
    ]
  },
  "Packages": {
    "DBI": {
      "Package": "DBI",
      "Version": "1.1.3",
      "Source": "Repository",
      "Repository": "CRAN",
      "Hash": "b2866e62bab9378c3cc9476a1954226b"
    },
    "Deriv": {
      "Package": "Deriv",
      "Version": "4.1.3",
      "Source": "Repository",
      "Repository": "CRAN",
      "Hash": "bc727aba82bcda74db0bbe188ec6757c"
    },
    "HiClimR": {
      "Package": "HiClimR",
      "Version": "2.2.1",
      "Source": "Repository",
      "Repository": "CRAN",
      "Hash": "256f01872226f56d518c83c85324853f"
    },
    "ISOweek": {
      "Package": "ISOweek",
      "Version": "0.6-2",
      "Source": "Repository",
      "Repository": "CRAN",
      "Hash": "ad7e2b013b9379cb560caa9b168202f0"
    },
    "KernSmooth": {
      "Package": "KernSmooth",
      "Version": "2.23-22",
      "Source": "Repository",
      "Repository": "CRAN",
      "Hash": "2fecebc3047322fa5930f74fae5de70f"
    },
    "MASS": {
      "Package": "MASS",
      "Version": "7.3-60.0.1",
      "Source": "Repository",
      "Repository": "CRAN",
      "Hash": "b765b28387acc8ec9e9c1530713cb19c"
    },
    "Matrix": {
      "Package": "Matrix",
      "Version": "1.6-0",
      "Source": "Repository",
      "Repository": "CRAN",
      "Hash": "31262fd18481fab05c5e7258dac163ca"
    },
    "MatrixModels": {
      "Package": "MatrixModels",
      "Version": "0.5-2",
      "Source": "Repository",
      "Repository": "CRAN",
      "Hash": "26749bd5c7c4123dd23aeb9159be22d6"
    },
    "R6": {
      "Package": "R6",
      "Version": "2.5.1",
      "Source": "Repository",
      "Repository": "CRAN",
      "Hash": "470851b6d5d0ac559e9d01bb352b4021"
    },
    "RColorBrewer": {
      "Package": "RColorBrewer",
      "Version": "1.1-3",
      "Source": "Repository",
      "Repository": "CRAN",
      "Hash": "45f0398006e83a5b10b72a90663d8d8c"
    },
    "Rcpp": {
      "Package": "Rcpp",
      "Version": "1.0.10",
      "Source": "Repository",
      "Repository": "CRAN",
      "Hash": "e749cae40fa9ef469b6050959517453c"
    },
    "RcppArmadillo": {
      "Package": "RcppArmadillo",
      "Version": "0.12.4.1.0",
      "Source": "Repository",
      "Repository": "CRAN",
      "Hash": "44b6ca3a6d22b4c87cdd6140e6f15245"
    },
    "RcppEigen": {
      "Package": "RcppEigen",
      "Version": "0.3.3.9.3",
      "Source": "Repository",
      "Repository": "CRAN",
      "Hash": "1e035db628cefb315c571202d70202fe"
    },
    "RcppGSL": {
      "Package": "RcppGSL",
      "Version": "0.3.13",
      "Source": "Repository",
      "Repository": "CRAN",
      "Hash": "e8fc7310d256a7b6c4de8e57ab76c55d"
    },
    "RcppZiggurat": {
      "Package": "RcppZiggurat",
      "Version": "0.1.6",
      "Source": "Repository",
      "Repository": "CRAN",
      "Hash": "75b4a36aeeed440ad03b996081190703"
    },
    "RefManageR": {
      "Package": "RefManageR",
      "Version": "1.4.0",
      "Source": "Repository",
      "Repository": "CRAN",
      "Hash": "d22e94d9088f55cc112e722888afcc70"
    },
    "Rfast": {
      "Package": "Rfast",
      "Version": "2.0.8",
      "Source": "Repository",
      "Repository": "CRAN",
      "Hash": "da912d76aecdfaf552510dee733887a3"
    },
    "RhpcBLASctl": {
      "Package": "RhpcBLASctl",
      "Version": "0.23-42",
      "Source": "Repository",
      "Repository": "CRAN",
      "Hash": "c966ea2957ff75e77afa5c908dfc89e1"
    },
    "SparseM": {
      "Package": "SparseM",
      "Version": "1.81",
      "Source": "Repository",
      "Repository": "CRAN",
      "Hash": "2042cd9759cc89a453c4aefef0ce9aae"
    },
    "arrow": {
      "Package": "arrow",
      "Version": "11.0.0.3",
      "Source": "Repository",
      "Repository": "CRAN",
      "Hash": "e861b81e0b87a2f133a688c985953508"
    },
    "askpass": {
      "Package": "askpass",
      "Version": "1.1",
      "Source": "Repository",
      "Repository": "CRAN",
      "Hash": "e8a22846fff485f0be3770c2da758713"
    },
    "assertthat": {
      "Package": "assertthat",
      "Version": "0.2.1",
      "Source": "Repository",
      "Repository": "CRAN",
      "Hash": "50c838a310445e954bc13f26f26a6ecf"
    },
    "backports": {
      "Package": "backports",
      "Version": "1.4.1",
      "Source": "Repository",
      "Repository": "CRAN",
      "Hash": "c39fbec8a30d23e721980b8afb31984c"
    },
    "base64enc": {
      "Package": "base64enc",
      "Version": "0.1-3",
      "Source": "Repository",
      "Repository": "CRAN",
      "Hash": "543776ae6848fde2f48ff3816d0628bc"
    },
    "bibtex": {
      "Package": "bibtex",
      "Version": "0.5.1",
      "Source": "Repository",
      "Repository": "CRAN",
      "Hash": "a704d52e87822191b42c715c568f96dd"
    },
    "bit": {
      "Package": "bit",
      "Version": "4.0.5",
      "Source": "Repository",
      "Repository": "CRAN",
      "Hash": "d242abec29412ce988848d0294b208fd"
    },
    "bit64": {
      "Package": "bit64",
      "Version": "4.0.5",
      "Source": "Repository",
      "Repository": "CRAN",
      "Hash": "9fe98599ca456d6552421db0d6772d8f"
    },
    "blob": {
      "Package": "blob",
      "Version": "1.2.4",
      "Source": "Repository",
      "Repository": "CRAN",
      "Hash": "40415719b5a479b87949f3aa0aee737c"
    },
    "brio": {
      "Package": "brio",
      "Version": "1.1.3",
      "Source": "Repository",
      "Repository": "CRAN",
      "Hash": "976cf154dfb043c012d87cddd8bca363"
    },
    "broom": {
      "Package": "broom",
      "Version": "1.0.4",
      "Source": "Repository",
      "Repository": "CRAN",
      "Hash": "f62b2504021369a2449c54bbda362d30"
    },
    "bslib": {
      "Package": "bslib",
      "Version": "0.4.2",
      "Source": "Repository",
      "Repository": "CRAN",
      "Hash": "a7fbf03946ad741129dc81098722fca1"
    },
    "cachem": {
      "Package": "cachem",
      "Version": "1.0.7",
      "Source": "Repository",
      "Repository": "CRAN",
      "Hash": "cda74447c42f529de601fe4d4050daef"
    },
    "callr": {
      "Package": "callr",
      "Version": "3.7.3",
      "Source": "Repository",
      "Repository": "CRAN",
      "Hash": "9b2191ede20fa29828139b9900922e51"
    },
    "cellranger": {
      "Package": "cellranger",
      "Version": "1.1.0",
      "Source": "Repository",
      "Repository": "CRAN",
      "Hash": "f61dbaec772ccd2e17705c1e872e9e7c"
    },
    "class": {
      "Package": "class",
      "Version": "7.3-22",
      "Source": "Repository",
      "Repository": "CRAN",
      "Hash": "f91f6b29f38b8c280f2b9477787d4bb2"
    },
    "classInt": {
      "Package": "classInt",
      "Version": "0.4-9",
      "Source": "Repository",
      "Repository": "CRAN",
      "Hash": "bee651a42a89633eccb36dca9d9ab413"
    },
    "cli": {
      "Package": "cli",
      "Version": "3.6.1",
      "Source": "Repository",
      "Repository": "CRAN",
      "Hash": "89e6d8219950eac806ae0c489052048a"
    },
    "clipr": {
      "Package": "clipr",
      "Version": "0.8.0",
      "Source": "Repository",
      "Repository": "CRAN",
      "Hash": "3f038e5ac7f41d4ac41ce658c85e3042"
    },
    "collapsibleTree": {
      "Package": "collapsibleTree",
      "Version": "0.1.7",
      "Source": "Repository",
      "Repository": "CRAN",
      "Hash": "02827650ad6f3ed5bb0f21be94e5a2c6"
    },
    "colorspace": {
      "Package": "colorspace",
      "Version": "2.1-0",
      "Source": "Repository",
      "Repository": "CRAN",
      "Hash": "f20c47fd52fae58b4e377c37bb8c335b"
    },
    "config": {
      "Package": "config",
      "Version": "0.3.1",
      "Source": "Repository",
      "Repository": "CRAN",
      "Hash": "31d77b09f63550cee9ecb5a08bf76e8f"
    },
    "conflicted": {
      "Package": "conflicted",
      "Version": "1.2.0",
      "Source": "Repository",
      "Repository": "CRAN",
      "Hash": "bb097fccb22d156624fd07cd2894ddb6"
    },
    "countrycode": {
      "Package": "countrycode",
      "Version": "1.4.0",
      "Source": "Repository",
      "Repository": "CRAN",
      "Hash": "2d162e8f29eec5526e362a7415d980ab"
    },
    "cpp11": {
      "Package": "cpp11",
      "Version": "0.4.3",
      "Source": "Repository",
      "Repository": "CRAN",
      "Hash": "ed588261931ee3be2c700d22e94a29ab"
    },
    "crayon": {
      "Package": "crayon",
      "Version": "1.5.2",
      "Source": "Repository",
      "Repository": "CRAN",
      "Hash": "e8a1e41acf02548751f45c718d55aa6a"
    },
    "credentials": {
      "Package": "credentials",
      "Version": "1.3.2",
      "Source": "Repository",
      "Repository": "CRAN",
      "Hash": "93762d0a34d78e6a025efdbfb5c6bb41"
    },
    "crosstalk": {
      "Package": "crosstalk",
      "Version": "1.2.0",
      "Source": "Repository",
      "Repository": "CRAN",
      "Hash": "6aa54f69598c32177e920eb3402e8293"
    },
    "curl": {
      "Package": "curl",
      "Version": "5.0.0",
      "Source": "Repository",
      "Repository": "CRAN",
      "Hash": "e4f97056611e8e6b8b852d13b7400cf1"
    },
    "data.table": {
      "Package": "data.table",
      "Version": "1.14.8",
      "Source": "Repository",
      "Repository": "CRAN",
      "Hash": "b4c06e554f33344e044ccd7fdca750a9"
    },
    "data.tree": {
      "Package": "data.tree",
      "Version": "1.0.0",
      "Source": "Repository",
      "Repository": "CRAN",
      "Hash": "c0ddced80c3f074cb39a7a781698f68a"
    },
    "dbplyr": {
      "Package": "dbplyr",
      "Version": "2.3.2",
      "Source": "Repository",
      "Repository": "CRAN",
      "Hash": "d24305b92db333726aed162a2c23a147"
    },
    "desc": {
      "Package": "desc",
      "Version": "1.4.2",
      "Source": "Repository",
      "Repository": "CRAN",
      "Hash": "6b9602c7ebbe87101a9c8edb6e8b6d21"
    },
    "diffobj": {
      "Package": "diffobj",
      "Version": "0.3.5",
      "Source": "Repository",
      "Repository": "CRAN",
      "Hash": "bcaa8b95f8d7d01a5dedfd959ce88ab8"
    },
    "digest": {
      "Package": "digest",
      "Version": "0.6.31",
      "Source": "Repository",
      "Repository": "CRAN",
      "Hash": "8b708f296afd9ae69f450f9640be8990"
    },
    "dplyr": {
      "Package": "dplyr",
      "Version": "1.1.2",
      "Source": "Repository",
      "Repository": "CRAN",
      "Hash": "dea6970ff715ca541c387de363ff405e"
    },
    "dtplyr": {
      "Package": "dtplyr",
      "Version": "1.3.1",
      "Source": "Repository",
      "Repository": "CRAN",
      "Hash": "54ed3ea01b11e81a86544faaecfef8e2"
    },
    "e1071": {
      "Package": "e1071",
      "Version": "1.7-13",
      "Source": "Repository",
      "Repository": "CRAN",
      "Hash": "1046cb48d06cb40c2900d8878f03a0fe"
    },
    "eha": {
      "Package": "eha",
      "Version": "2.10.3",
      "Source": "Repository",
      "Repository": "CRAN",
      "Hash": "1c7c5b10d092250982ed8c21f9e67212"
    },
    "ellipsis": {
      "Package": "ellipsis",
      "Version": "0.3.2",
      "Source": "Repository",
      "Repository": "CRAN",
      "Hash": "bb0eec2fe32e88d9e2836c2f73ea2077"
    },
    "eurostat": {
      "Package": "eurostat",
      "Version": "3.8.2",
      "Source": "Repository",
      "Repository": "CRAN",
      "Hash": "c9c4433dee657159f082700903f6d305"
    },
    "evaluate": {
      "Package": "evaluate",
      "Version": "0.20",
      "Source": "Repository",
      "Repository": "CRAN",
      "Hash": "4b68aa51edd89a0e044a66e75ae3cc6c"
    },
    "expm": {
      "Package": "expm",
      "Version": "0.999-7",
      "Source": "Repository",
      "Repository": "CRAN",
      "Hash": "af0c5d9f9ece61d4723904c7b2b49b4d"
    },
    "fansi": {
      "Package": "fansi",
      "Version": "1.0.4",
      "Source": "Repository",
      "Repository": "CRAN",
      "Hash": "1d9e7ad3c8312a192dea7d3db0274fde"
    },
    "farver": {
      "Package": "farver",
      "Version": "2.1.1",
      "Source": "Repository",
      "Repository": "CRAN",
      "Hash": "8106d78941f34855c440ddb946b8f7a5"
    },
    "fastmap": {
      "Package": "fastmap",
      "Version": "1.1.1",
      "Source": "Repository",
      "Repository": "CRAN",
      "Hash": "f7736a18de97dea803bde0a2daaafb27"
    },
    "fontawesome": {
      "Package": "fontawesome",
      "Version": "0.5.1",
      "Source": "Repository",
      "Repository": "CRAN",
      "Hash": "1e22b8cabbad1eae951a75e9f8b52378"
    },
    "forcats": {
      "Package": "forcats",
      "Version": "1.0.0",
      "Source": "Repository",
      "Repository": "CRAN",
      "Hash": "1a0a9a3d5083d0d573c4214576f1e690"
    },
    "foreign": {
      "Package": "foreign",
      "Version": "0.8-86",
      "Source": "Repository",
      "Repository": "CRAN",
      "Hash": "550170303dbb19d07b2bcc288068e7dc"
    },
    "fs": {
      "Package": "fs",
      "Version": "1.6.2",
      "Source": "Repository",
      "Repository": "CRAN",
      "Hash": "94af08e0aa9675a16fadbb3aaaa90d2a"
    },
    "gargle": {
      "Package": "gargle",
      "Version": "1.4.0",
      "Source": "Repository",
      "Repository": "CRAN",
      "Hash": "8c72a723822dc317613da5ff8e8da6ee"
    },
    "generics": {
      "Package": "generics",
      "Version": "0.1.3",
      "Source": "Repository",
      "Repository": "CRAN",
      "Hash": "15e9634c0fcd294799e9b2e929ed1b86"
    },
    "gert": {
      "Package": "gert",
      "Version": "1.9.2",
      "Source": "Repository",
      "Repository": "CRAN",
      "Hash": "9122b3958e749badb5c939f498038b57"
    },
    "ggforce": {
      "Package": "ggforce",
      "Version": "0.4.1",
      "Source": "Repository",
      "Repository": "CRAN",
      "Hash": "a06503f54e227f79b45a72df2946a2d2"
    },
    "ggplot2": {
      "Package": "ggplot2",
      "Version": "3.4.2",
      "Source": "Repository",
      "Repository": "CRAN",
      "Hash": "3a147ee02e85a8941aad9909f1b43b7b"
    },
    "ggrepel": {
      "Package": "ggrepel",
      "Version": "0.9.3",
      "Source": "Repository",
      "Repository": "CRAN",
      "Hash": "92edfac53774706b4d6099f3ee6f6306"
    },
    "ggthemes": {
      "Package": "ggthemes",
      "Version": "4.2.4",
      "Source": "Repository",
      "Repository": "CRAN",
      "Hash": "617fb2c300f68e8b1ba21043fba88fd7"
    },
    "gh": {
      "Package": "gh",
      "Version": "1.4.0",
      "Source": "Repository",
      "Repository": "CRAN",
      "Hash": "03533b1c875028233598f848fda44c4c"
    },
    "gitcreds": {
      "Package": "gitcreds",
      "Version": "0.1.2",
      "Source": "Repository",
      "Repository": "CRAN",
      "Hash": "ab08ac61f3e1be454ae21911eb8bc2fe"
    },
    "glue": {
      "Package": "glue",
      "Version": "1.6.2",
      "Source": "Repository",
      "Repository": "CRAN",
      "Hash": "4f2596dfb05dac67b9dc558e5c6fba2e"
    },
    "googledrive": {
      "Package": "googledrive",
      "Version": "2.1.0",
      "Source": "Repository",
      "Repository": "CRAN",
      "Hash": "e88ba642951bc8d1898ba0d12581850b"
    },
    "googlesheets4": {
      "Package": "googlesheets4",
      "Version": "1.1.0",
      "Source": "Repository",
      "Repository": "CRAN",
      "Hash": "fd7b97bd862a14297b0bb7ed28a3dada"
    },
    "gridExtra": {
      "Package": "gridExtra",
      "Version": "2.3",
      "Source": "Repository",
      "Repository": "CRAN",
      "Hash": "7d7f283939f563670a697165b2cf5560"
    },
    "gtable": {
      "Package": "gtable",
      "Version": "0.3.3",
      "Source": "Repository",
      "Repository": "CRAN",
      "Hash": "b44addadb528a0d227794121c00572a0"
    },
    "gtools": {
      "Package": "gtools",
      "Version": "3.9.4",
      "Source": "Repository",
      "Repository": "CRAN",
      "Hash": "88bb96eaf7140cdf29e374ef74182220"
    },
    "haven": {
      "Package": "haven",
      "Version": "2.5.2",
      "Source": "Repository",
      "Repository": "CRAN",
      "Hash": "8b331e659e67d757db0fcc28e689c501"
    },
    "here": {
      "Package": "here",
      "Version": "1.0.1",
      "Source": "Repository",
      "Repository": "CRAN",
      "Hash": "24b224366f9c2e7534d2344d10d59211"
    },
    "highr": {
      "Package": "highr",
      "Version": "0.10",
      "Source": "Repository",
      "Repository": "CRAN",
      "Hash": "06230136b2d2b9ba5805e1963fa6e890"
    },
    "hms": {
      "Package": "hms",
      "Version": "1.1.3",
      "Source": "Repository",
      "Repository": "CRAN",
      "Hash": "b59377caa7ed00fa41808342002138f9"
    },
    "htmltools": {
      "Package": "htmltools",
      "Version": "0.5.5",
      "Source": "Repository",
      "Repository": "CRAN",
      "Hash": "ba0240784ad50a62165058a27459304a"
    },
    "htmlwidgets": {
      "Package": "htmlwidgets",
      "Version": "1.6.2",
      "Source": "Repository",
      "Repository": "CRAN",
      "Hash": "a865aa85bcb2697f47505bfd70422471"
    },
    "httr": {
      "Package": "httr",
      "Version": "1.4.5",
      "Source": "Repository",
      "Repository": "CRAN",
      "Hash": "f6844033201269bec3ca0097bc6c97b3"
    },
    "httr2": {
      "Package": "httr2",
      "Version": "0.2.2",
      "Source": "Repository",
      "Repository": "CRAN",
      "Hash": "5c09fe33064978ede54de42309c8b532"
    },
    "ids": {
      "Package": "ids",
      "Version": "1.0.1",
      "Source": "Repository",
      "Repository": "CRAN",
      "Hash": "99df65cfef20e525ed38c3d2577f7190"
    },
    "ini": {
      "Package": "ini",
      "Version": "0.3.1",
      "Source": "Repository",
      "Repository": "CRAN",
      "Hash": "6154ec2223172bce8162d4153cda21f7"
    },
    "isoband": {
      "Package": "isoband",
      "Version": "0.2.7",
      "Source": "Repository",
      "Repository": "CRAN",
      "Hash": "0080607b4a1a7b28979aecef976d8bc2"
    },
    "janitor": {
      "Package": "janitor",
      "Version": "2.2.0",
      "Source": "Repository",
      "Repository": "CRAN",
      "Hash": "5baae149f1082f466df9d1442ba7aa65"
    },
    "jquerylib": {
      "Package": "jquerylib",
      "Version": "0.1.4",
      "Source": "Repository",
      "Repository": "CRAN",
      "Hash": "5aab57a3bd297eee1c1d862735972182"
    },
    "jsonlite": {
      "Package": "jsonlite",
      "Version": "1.8.4",
      "Source": "Repository",
      "Repository": "CRAN",
      "Hash": "a4269a09a9b865579b2635c77e572374"
    },
    "kableExtra": {
      "Package": "kableExtra",
      "Version": "1.3.4.9000",
      "Source": "GitHub",
      "RemoteType": "github",
      "RemoteHost": "api.github.com",
      "RemoteRepo": "kableExtra",
      "RemoteUsername": "kupietz",
      "RemoteRef": "HEAD",
      "RemoteSha": "3bf9b21a769c9e6c21c955689bf5f8175dc83350",
      "Hash": "64a6ab8b8aaf1dd6a6b96494ff2b1fe7"
    },
    "knitr": {
      "Package": "knitr",
      "Version": "1.42",
      "Source": "Repository",
      "Repository": "CRAN",
      "Hash": "8329a9bcc82943c8069104d4be3ee22d"
    },
    "labeling": {
      "Package": "labeling",
      "Version": "0.4.2",
      "Source": "Repository",
      "Repository": "CRAN",
      "Hash": "3d5108641f47470611a32d0bdf357a72"
    },
    "later": {
      "Package": "later",
      "Version": "1.3.0",
      "Source": "Repository",
      "Repository": "CRAN",
      "Hash": "7e7b457d7766bc47f2a5f21cc2984f8e"
    },
    "lattice": {
      "Package": "lattice",
      "Version": "0.22-5",
      "Source": "Repository",
      "Repository": "CRAN",
      "Hash": "7c5e89f04e72d6611c77451f6331a091"
    },
    "lazyeval": {
      "Package": "lazyeval",
      "Version": "0.2.2",
      "Source": "Repository",
      "Repository": "CRAN",
      "Hash": "d908914ae53b04d4c0c0fd72ecc35370"
    },
    "lifecycle": {
      "Package": "lifecycle",
      "Version": "1.0.3",
      "Source": "Repository",
      "Repository": "CRAN",
      "Hash": "001cecbeac1cff9301bdc3775ee46a86"
    },
    "logr": {
      "Package": "logr",
      "Version": "1.3.3",
      "Source": "Repository",
      "Repository": "CRAN",
      "Hash": "6d10650e0db34cf4ef23b784617e2c66"
    },
    "lubridate": {
      "Package": "lubridate",
      "Version": "1.9.2",
      "Source": "Repository",
      "Repository": "CRAN",
      "Hash": "e25f18436e3efd42c7c590a1c4c15390"
    },
    "magrittr": {
      "Package": "magrittr",
      "Version": "2.0.3",
      "Source": "Repository",
      "Repository": "CRAN",
      "Hash": "7ce2733a9826b3aeb1775d56fd305472"
    },
    "mc2d": {
      "Package": "mc2d",
      "Version": "0.1-22",
      "Source": "Repository",
      "Repository": "CRAN",
      "Hash": "225dea21b6f91e0ebc76b98308679d99"
    },
    "memoise": {
      "Package": "memoise",
      "Version": "2.0.1",
      "Source": "Repository",
      "Repository": "CRAN",
      "Hash": "e2817ccf4a065c5d9d7f2cfbe7c1d78c"
    },
    "mgcv": {
      "Package": "mgcv",
      "Version": "1.9-1",
      "Source": "Repository",
      "Repository": "CRAN",
      "Hash": "110ee9d83b496279960e162ac97764ce"
    },
    "mime": {
      "Package": "mime",
      "Version": "0.12",
      "Source": "Repository",
      "Repository": "CRAN",
      "Hash": "18e9c28c1d3ca1560ce30658b22ce104"
    },
    "modelr": {
      "Package": "modelr",
      "Version": "0.1.11",
      "Source": "Repository",
      "Repository": "CRAN",
      "Hash": "4f50122dc256b1b6996a4703fecea821"
    },
    "msm": {
      "Package": "msm",
      "Version": "1.7",
      "Source": "Repository",
      "Repository": "CRAN",
      "Hash": "4c08d52892951cc803a86f4b2bc5ce00"
    },
    "munsell": {
      "Package": "munsell",
      "Version": "0.5.0",
      "Source": "Repository",
      "Repository": "CRAN",
      "Hash": "6dfe8bf774944bd5595785e3229d8771"
    },
    "mvtnorm": {
      "Package": "mvtnorm",
      "Version": "1.1-3",
      "Source": "Repository",
      "Repository": "CRAN",
      "Hash": "7a7541cc284cb2ba3ba7eae645892af5"
    },
    "ncdf4": {
      "Package": "ncdf4",
      "Version": "1.21",
      "Source": "Repository",
      "Repository": "CRAN",
      "Hash": "a7b262641ef4659767d415c6bb78413f"
    },
    "nlme": {
      "Package": "nlme",
      "Version": "3.1-163",
      "Source": "Repository",
      "Repository": "CRAN",
      "Hash": "8d1938040a05566f4f7a14af4feadd6b"
    },
    "nloptr": {
      "Package": "nloptr",
      "Version": "2.0.3",
      "Source": "Repository",
      "Repository": "CRAN",
      "Hash": "277c67a08f358f42b6a77826e4492f79"
    },
    "openssl": {
      "Package": "openssl",
      "Version": "2.0.6",
      "Source": "Repository",
      "Repository": "CRAN",
      "Hash": "0f7cd2962e3044bb940cca4f4b5cecbe"
    },
    "openxlsx": {
      "Package": "openxlsx",
      "Version": "4.2.5.2",
      "Source": "Repository",
      "Repository": "CRAN",
      "Hash": "c03b4c18d42da881fb8e15a085c2b9d6"
    },
    "paletteer": {
      "Package": "paletteer",
      "Version": "1.5.0",
      "Source": "Repository",
      "Repository": "CRAN",
      "Hash": "2cc72e89c9f4dc12c38d848914aac313"
    },
    "pbapply": {
      "Package": "pbapply",
      "Version": "1.7-2",
      "Source": "Repository",
      "Repository": "CRAN",
      "Hash": "68a2d681e10cf72f0afa1d84d45380e5"
    },
    "pbmcapply": {
      "Package": "pbmcapply",
      "Version": "1.5.1",
      "Source": "Repository",
      "Repository": "CRAN",
      "Hash": "bf173fb42b60f8f404f7a9f9c3f95d0d"
    },
    "pillar": {
      "Package": "pillar",
      "Version": "1.9.0",
      "Source": "Repository",
      "Repository": "CRAN",
      "Hash": "15da5a8412f317beeee6175fbc76f4bb"
    },
    "pkgconfig": {
      "Package": "pkgconfig",
      "Version": "2.0.3",
      "Source": "Repository",
      "Repository": "CRAN",
      "Hash": "01f28d4278f15c76cddbea05899c5d6f"
    },
    "pkgload": {
      "Package": "pkgload",
      "Version": "1.3.2",
      "Source": "Repository",
      "Repository": "CRAN",
      "Hash": "6b0c222c5071efe0f3baf3dae9aa40e2"
    },
    "plotly": {
      "Package": "plotly",
      "Version": "4.10.1",
      "Source": "Repository",
      "Repository": "CRAN",
      "Hash": "3781cf6971c6467fa842a63725bbee9e"
    },
    "plyr": {
      "Package": "plyr",
      "Version": "1.8.8",
      "Source": "Repository",
      "Repository": "CRAN",
      "Hash": "d744387aef9047b0b48be2933d78e862"
    },
    "polyclip": {
      "Package": "polyclip",
      "Version": "1.10-4",
      "Source": "Repository",
      "Repository": "CRAN",
      "Hash": "66bbfa06f78108ee967220643596c91e"
    },
    "praise": {
      "Package": "praise",
      "Version": "1.0.0",
      "Source": "Repository",
      "Repository": "CRAN",
      "Hash": "a555924add98c99d2f411e37e7d25e9f"
    },
    "prettyunits": {
      "Package": "prettyunits",
      "Version": "1.1.1",
      "Source": "Repository",
      "Repository": "CRAN",
      "Hash": "95ef9167b75dde9d2ccc3c7528393e7e"
    },
    "prismatic": {
      "Package": "prismatic",
      "Version": "1.1.1",
      "Source": "Repository",
      "Repository": "CRAN",
      "Hash": "faa2193fdec94a45b4390aefc1280a62"
    },
    "processx": {
      "Package": "processx",
      "Version": "3.8.1",
      "Source": "Repository",
      "Repository": "CRAN",
      "Hash": "d75b4059d781336efba24021915902b4"
    },
    "progress": {
      "Package": "progress",
      "Version": "1.2.2",
      "Source": "Repository",
      "Repository": "CRAN",
      "Hash": "14dc9f7a3c91ebb14ec5bb9208a07061"
    },
    "promises": {
      "Package": "promises",
      "Version": "1.2.0.1",
      "Source": "Repository",
      "Repository": "CRAN",
      "Hash": "4ab2c43adb4d4699cf3690acd378d75d"
    },
    "proxy": {
      "Package": "proxy",
      "Version": "0.4-27",
      "Source": "Repository",
      "Repository": "CRAN",
      "Hash": "e0ef355c12942cf7a6b91a6cfaea8b3e"
    },
    "ps": {
      "Package": "ps",
      "Version": "1.7.5",
      "Source": "Repository",
      "Repository": "CRAN",
      "Hash": "709d852d33178db54b17c722e5b1e594"
    },
    "purrr": {
      "Package": "purrr",
      "Version": "1.0.1",
      "Source": "Repository",
      "Repository": "CRAN",
      "Hash": "d71c815267c640f17ddbf7f16144b4bb"
    },
    "quantreg": {
      "Package": "quantreg",
      "Version": "5.95",
      "Source": "Repository",
      "Repository": "CRAN",
      "Hash": "6cdf5a3dc958f55529b0401a8e5869e3"
    },
    "ragg": {
      "Package": "ragg",
      "Version": "1.2.5",
      "Source": "Repository",
      "Repository": "CRAN",
      "Hash": "690bc058ea2b1b8a407d3cfe3dce3ef9"
    },
    "rappdirs": {
      "Package": "rappdirs",
      "Version": "0.3.3",
      "Source": "Repository",
      "Repository": "CRAN",
      "Hash": "5e3c5dc0b071b21fa128676560dbe94d"
    },
    "readr": {
      "Package": "readr",
      "Version": "2.1.4",
      "Source": "Repository",
      "Repository": "CRAN",
      "Hash": "b5047343b3825f37ad9d3b5d89aa1078"
    },
    "readxl": {
      "Package": "readxl",
      "Version": "1.4.2",
      "Source": "Repository",
      "Repository": "CRAN",
      "Hash": "2e6020b1399d95f947ed867045e9ca17"
    },
    "regions": {
      "Package": "regions",
      "Version": "0.1.8",
      "Source": "Repository",
      "Repository": "CRAN",
      "Hash": "c03b0e9b4289b24062e895ae81ef7b3d"
    },
    "rematch": {
      "Package": "rematch",
      "Version": "1.0.1",
      "Source": "Repository",
      "Repository": "CRAN",
      "Hash": "c66b930d20bb6d858cd18e1cebcfae5c"
    },
    "rematch2": {
      "Package": "rematch2",
      "Version": "2.1.2",
      "Source": "Repository",
      "Repository": "CRAN",
      "Hash": "76c9e04c712a05848ae7a23d2f170a40"
    },
    "renv": {
      "Package": "renv",
      "Version": "0.14.0",
      "Source": "Repository",
      "Repository": "CRAN",
      "Hash": "30e5eba91b67f7f4d75d31de14bbfbdc"
    },
    "reprex": {
      "Package": "reprex",
      "Version": "2.0.2",
      "Source": "Repository",
      "Repository": "CRAN",
      "Hash": "d66fe009d4c20b7ab1927eb405db9ee2"
    },
    "reshape2": {
      "Package": "reshape2",
      "Version": "1.4.4",
      "Source": "Repository",
      "Repository": "CRAN",
      "Hash": "bb5996d0bd962d214a11140d77589917"
    },
    "rio": {
      "Package": "rio",
      "Version": "0.5.29",
      "Source": "Repository",
      "Repository": "CRAN",
      "Hash": "9ee902fb3142b159f60bdb4eaf763a3a"
    },
    "rlang": {
      "Package": "rlang",
      "Version": "1.1.0",
      "Source": "Repository",
      "Repository": "CRAN",
      "Hash": "dc079ccd156cde8647360f473c1fa718"
    },
    "rmarkdown": {
      "Package": "rmarkdown",
      "Version": "2.21",
      "Source": "Repository",
      "Repository": "CRAN",
      "Hash": "493df4ae51e2e984952ea4d5c75786a3"
    },
    "rprojroot": {
      "Package": "rprojroot",
      "Version": "2.0.3",
      "Source": "Repository",
      "Repository": "CRAN",
      "Hash": "1de7ab598047a87bba48434ba35d497d"
    },
    "rriskDistributions": {
      "Package": "rriskDistributions",
      "Version": "2.1.2",
      "Source": "Repository",
      "Repository": "CRAN",
      "Hash": "a61addc0872eb9f3720e70e5761e3628"
    },
    "rstudioapi": {
      "Package": "rstudioapi",
      "Version": "0.14",
      "Source": "Repository",
      "Repository": "CRAN",
      "Hash": "690bd2acc42a9166ce34845884459320"
    },
    "rvest": {
      "Package": "rvest",
      "Version": "1.0.3",
      "Source": "Repository",
      "Repository": "CRAN",
      "Hash": "a4a5ac819a467808c60e36e92ddf195e"
    },
    "sass": {
      "Package": "sass",
      "Version": "0.4.5",
      "Source": "Repository",
      "Repository": "CRAN",
      "Hash": "2bb4371a4c80115518261866eab6ab11"
    },
    "scales": {
      "Package": "scales",
      "Version": "1.2.1",
      "Source": "Repository",
      "Repository": "CRAN",
      "Hash": "906cb23d2f1c5680b8ce439b44c6fa63"
    },
    "selectr": {
      "Package": "selectr",
      "Version": "0.4-2",
      "Source": "Repository",
      "Repository": "CRAN",
      "Hash": "3838071b66e0c566d55cc26bd6e27bf4"
    },
    "snakecase": {
      "Package": "snakecase",
      "Version": "0.11.0",
      "Source": "Repository",
      "Repository": "CRAN",
      "Hash": "4079070fc210c7901c0832a3aeab894f"
    },
    "stringi": {
      "Package": "stringi",
      "Version": "1.7.12",
      "Source": "Repository",
      "Repository": "CRAN",
      "Hash": "ca8bd84263c77310739d2cf64d84d7c9"
    },
    "stringr": {
      "Package": "stringr",
      "Version": "1.5.0",
      "Source": "Repository",
      "Repository": "CRAN",
      "Hash": "671a4d384ae9d32fc47a14e98bfa3dc8"
    },
    "survival": {
      "Package": "survival",
      "Version": "3.5-7",
      "Source": "Repository",
      "Repository": "CRAN",
      "Hash": "b8e943d262c3da0b0febd3e04517c197"
    },
    "svMisc": {
      "Package": "svMisc",
      "Version": "1.2.3",
      "Source": "Repository",
      "Repository": "CRAN",
      "Hash": "b13f5680860f67c32ccb006ad38f24f4"
    },
    "svglite": {
      "Package": "svglite",
      "Version": "2.1.1",
      "Source": "Repository",
      "Repository": "CRAN",
      "Hash": "29442899581643411facb66f4add846a"
    },
    "sys": {
      "Package": "sys",
      "Version": "3.4.1",
      "Source": "Repository",
      "Repository": "CRAN",
      "Hash": "34c16f1ef796057bfa06d3f4ff818a5d"
    },
    "systemfonts": {
      "Package": "systemfonts",
      "Version": "1.0.4",
      "Source": "Repository",
      "Repository": "CRAN",
      "Hash": "90b28393209827327de889f49935140a"
    },
    "testthat": {
      "Package": "testthat",
      "Version": "3.1.7",
      "Source": "Repository",
      "Repository": "CRAN",
      "Hash": "7eb5fd202a61d2fb78af5869b6c08998"
    },
    "textshaping": {
      "Package": "textshaping",
      "Version": "0.3.6",
      "Source": "Repository",
      "Repository": "CRAN",
      "Hash": "1ab6223d3670fac7143202cb6a2d43d5"
    },
    "this.path": {
      "Package": "this.path",
      "Version": "1.4.0",
      "Source": "Repository",
      "Repository": "CRAN",
      "Hash": "cf8dd42b68785c1918f50627e0a6205f"
    },
    "tibble": {
      "Package": "tibble",
      "Version": "3.2.1",
      "Source": "Repository",
      "Repository": "CRAN",
      "Hash": "a84e2cc86d07289b3b6f5069df7a004c"
    },
    "tidyr": {
      "Package": "tidyr",
      "Version": "1.3.0",
      "Source": "Repository",
      "Repository": "CRAN",
      "Hash": "e47debdc7ce599b070c8e78e8ac0cfcf"
    },
    "tidyselect": {
      "Package": "tidyselect",
      "Version": "1.2.0",
      "Source": "Repository",
      "Repository": "CRAN",
      "Hash": "79540e5fcd9e0435af547d885f184fd5"
    },
    "tidyverse": {
      "Package": "tidyverse",
      "Version": "2.0.0",
      "Source": "Repository",
      "Repository": "CRAN",
      "Hash": "c328568cd14ea89a83bd4ca7f54ae07e"
    },
    "timechange": {
      "Package": "timechange",
      "Version": "0.2.0",
      "Source": "Repository",
      "Repository": "CRAN",
      "Hash": "8548b44f79a35ba1791308b61e6012d7"
    },
    "tinytex": {
      "Package": "tinytex",
      "Version": "0.45",
      "Source": "Repository",
      "Repository": "CRAN",
      "Hash": "e4e357f28c2edff493936b6cb30c3d65"
    },
    "tkrplot": {
      "Package": "tkrplot",
      "Version": "0.0-27",
      "Source": "Repository",
      "Repository": "CRAN",
      "Hash": "0defd55e9d1ae61c4aef6d6e9c9a5dfb"
    },
    "truncnorm": {
      "Package": "truncnorm",
      "Version": "1.0-9",
      "Source": "Repository",
      "Repository": "CRAN",
      "Hash": "ef5b32c5194351ff409dfb37ca9468f1"
    },
    "tweenr": {
      "Package": "tweenr",
      "Version": "2.0.2",
      "Source": "Repository",
      "Repository": "CRAN",
      "Hash": "c16efcef4c72d3bff5e65031f3f1f841"
    },
    "tzdb": {
      "Package": "tzdb",
      "Version": "0.3.0",
      "Source": "Repository",
      "Repository": "CRAN",
      "Hash": "b2e1cbce7c903eaf23ec05c58e59fb5e"
    },
    "units": {
      "Package": "units",
      "Version": "0.8-1",
      "Source": "Repository",
      "Repository": "CRAN",
      "Hash": "81433967f9b34a120a4f5a5a016cd5ed"
    },
    "usethis": {
      "Package": "usethis",
      "Version": "2.1.6",
      "Source": "Repository",
      "Repository": "CRAN",
      "Hash": "a67a22c201832b12c036cc059f1d137d"
    },
    "utf8": {
      "Package": "utf8",
      "Version": "1.2.3",
      "Source": "Repository",
      "Repository": "CRAN",
      "Hash": "1fe17157424bb09c48a8b3b550c753bc"
    },
    "uuid": {
      "Package": "uuid",
      "Version": "1.1-0",
      "Source": "Repository",
      "Repository": "CRAN",
      "Hash": "f1cb46c157d080b729159d407be83496"
    },
    "vctrs": {
      "Package": "vctrs",
      "Version": "0.6.2",
      "Source": "Repository",
      "Repository": "CRAN",
      "Hash": "a745bda7aff4734c17294bb41d4e4607"
    },
    "viridis": {
      "Package": "viridis",
      "Version": "0.6.3",
      "Source": "Repository",
      "Repository": "CRAN",
      "Hash": "0d774f552202add033efc43a30293b3f"
    },
    "viridisLite": {
      "Package": "viridisLite",
      "Version": "0.4.1",
      "Source": "Repository",
      "Repository": "CRAN",
      "Hash": "62f4b5da3e08d8e5bcba6cac15603f70"
    },
    "vroom": {
      "Package": "vroom",
      "Version": "1.6.1",
      "Source": "Repository",
      "Repository": "CRAN",
      "Hash": "7015a74373b83ffaef64023f4a0f5033"
    },
    "waldo": {
      "Package": "waldo",
      "Version": "0.4.0",
      "Source": "Repository",
      "Repository": "CRAN",
      "Hash": "035fba89d0c86e2113120f93301b98ad"
    },
    "webshot": {
      "Package": "webshot",
      "Version": "0.5.5",
      "Source": "Repository",
      "Repository": "CRAN",
      "Hash": "16858ee1aba97f902d24049d4a44ef16"
    },
    "whisker": {
      "Package": "whisker",
      "Version": "0.4.1",
      "Source": "Repository",
      "Repository": "CRAN",
      "Hash": "c6abfa47a46d281a7d5159d0a8891e88"
    },
    "withr": {
      "Package": "withr",
      "Version": "2.5.0",
      "Source": "Repository",
      "Repository": "CRAN",
      "Hash": "c0e49a9760983e81e55cdd9be92e7182"
    },
    "xfun": {
      "Package": "xfun",
      "Version": "0.39",
      "Source": "Repository",
      "Repository": "CRAN",
      "Hash": "8f56e9acb54fb525e66464d57ab58bcb"
    },
    "xml2": {
      "Package": "xml2",
      "Version": "1.3.3",
      "Source": "Repository",
      "Repository": "CRAN",
      "Hash": "40682ed6a969ea5abfd351eb67833adc"
    },
    "yaml": {
      "Package": "yaml",
      "Version": "2.3.7",
      "Source": "Repository",
      "Repository": "CRAN",
      "Hash": "0d0056cc5383fbc240ccd0cb584bf436"
    },
    "zip": {
      "Package": "zip",
      "Version": "2.3.0",
      "Source": "Repository",
      "Repository": "CRAN",
      "Hash": "d98c94dacb7e0efcf83b0a133a705504"
    }
  }
}
